
Microsoft Visual Studio Solution File, Format Version 12.00
# Visual Studio Version 17
VisualStudioVersion = 17.0.31903.59
MinimumVisualStudioVersion = 10.0.40219.1
Project("{2150E333-8FDC-42A3-9474-1A3956D46DE8}") = "Backend", "Backend", "{194739BB-AC45-42E4-9DF5-7D492F01B048}"
EndProject
Project("{FAE04EC0-301F-11D3-BF4B-00C04F79EFBC}") = "CME_api", "Backend\CME_api\CME_api.csproj", "{A7507486-2066-4266-946D-4B00D6CEFAD0}"
EndProject
Global
	GlobalSection(SolutionConfigurationPlatforms) = preSolution
		Debug|Any CPU = Debug|Any CPU
		Release|Any CPU = Release|Any CPU
	EndGlobalSection
	GlobalSection(SolutionProperties) = preSolution
		HideSolutionNode = FALSE
	EndGlobalSection
	GlobalSection(ProjectConfigurationPlatforms) = postSolution
		{A7507486-2066-4266-946D-4B00D6CEFAD0}.Debug|Any CPU.ActiveCfg = Debug|Any CPU
		{A7507486-2066-4266-946D-4B00D6CEFAD0}.Debug|Any CPU.Build.0 = Debug|Any CPU
		{A7507486-2066-4266-946D-4B00D6CEFAD0}.Release|Any CPU.ActiveCfg = Release|Any CPU
		{A7507486-2066-4266-946D-4B00D6CEFAD0}.Release|Any CPU.Build.0 = Release|Any CPU
	EndGlobalSection
	GlobalSection(NestedProjects) = preSolution
		{A7507486-2066-4266-946D-4B00D6CEFAD0} = {194739BB-AC45-42E4-9DF5-7D492F01B048}
	EndGlobalSection
EndGlobal
